// !$*UTF8*$!
{
	archiveVersion = 1;
	classes = {
	};
	objectVersion = 51;
	objects = {

/* Begin PBXBuildFile section */
		C30A03A725AF7E74002452A3 /* CategoryTableViewCell.swift in Sources */ = {isa = PBXBuildFile; fileRef = C30A03A625AF7E74002452A3 /* CategoryTableViewCell.swift */; };
		C30A03AA25B31888002452A3 /* CostPopoverVC.swift in Sources */ = {isa = PBXBuildFile; fileRef = C30A03A925B31888002452A3 /* CostPopoverVC.swift */; };
		C30A03AC25B31E57002452A3 /* CostTableViewCell.swift in Sources */ = {isa = PBXBuildFile; fileRef = C30A03AB25B31E57002452A3 /* CostTableViewCell.swift */; };
		C30FD07A25B9F55B00A90638 /* ChartViewController.swift in Sources */ = {isa = PBXBuildFile; fileRef = C30FD07925B9F55A00A90638 /* ChartViewController.swift */; };
		C313082125B70ED800C91E01 /* GlobalFunctions.swift in Sources */ = {isa = PBXBuildFile; fileRef = C313082025B70ED800C91E01 /* GlobalFunctions.swift */; };
		C3281A4725ACD50700B4745F /* AppDelegate.swift in Sources */ = {isa = PBXBuildFile; fileRef = C3281A4625ACD50700B4745F /* AppDelegate.swift */; };
		C3281A4925ACD50700B4745F /* SceneDelegate.swift in Sources */ = {isa = PBXBuildFile; fileRef = C3281A4825ACD50700B4745F /* SceneDelegate.swift */; };
		C3281A4E25ACD50700B4745F /* Main.storyboard in Resources */ = {isa = PBXBuildFile; fileRef = C3281A4C25ACD50700B4745F /* Main.storyboard */; };
		C3281A5025ACD50E00B4745F /* Assets.xcassets in Resources */ = {isa = PBXBuildFile; fileRef = C3281A4F25ACD50E00B4745F /* Assets.xcassets */; };
		C3281A5325ACD50E00B4745F /* LaunchScreen.storyboard in Resources */ = {isa = PBXBuildFile; fileRef = C3281A5125ACD50E00B4745F /* LaunchScreen.storyboard */; };
		C3281A5F25ACED8400B4745F /* CategoriesViewController.swift in Sources */ = {isa = PBXBuildFile; fileRef = C3281A5E25ACED8400B4745F /* CategoriesViewController.swift */; };
		C3281A6225ACED9400B4745F /* IncomeViewController.swift in Sources */ = {isa = PBXBuildFile; fileRef = C3281A6125ACED9400B4745F /* IncomeViewController.swift */; };
		C3281A6525ACEDB200B4745F /* CostsViewController.swift in Sources */ = {isa = PBXBuildFile; fileRef = C3281A6425ACEDB200B4745F /* CostsViewController.swift */; };
		C33D7AE325BC77D000504101 /* Pods_FinancesTracking.framework in Frameworks */ = {isa = PBXBuildFile; fileRef = 875DED24F099FB99AB3673AA /* Pods_FinancesTracking.framework */; };
		C33D7AE625BC79F600504101 /* ChartsViewModel.swift in Sources */ = {isa = PBXBuildFile; fileRef = C33D7AE525BC79F600504101 /* ChartsViewModel.swift */; };
		C3982CA425BFE6C70088B674 /* Realm.framework in Frameworks */ = {isa = PBXBuildFile; fileRef = C3C3D03525AE182B00585FEF /* Realm.framework */; };
		C3982CA525BFE6C70088B674 /* Realm.framework in Embed Frameworks */ = {isa = PBXBuildFile; fileRef = C3C3D03525AE182B00585FEF /* Realm.framework */; settings = {ATTRIBUTES = (CodeSignOnCopy, RemoveHeadersOnCopy, ); }; };
		C3982CA725BFE6C90088B674 /* RealmSwift.framework in Frameworks */ = {isa = PBXBuildFile; fileRef = C3C3D02D25AE049000585FEF /* RealmSwift.framework */; };
		C3982CA825BFE6C90088B674 /* RealmSwift.framework in Embed Frameworks */ = {isa = PBXBuildFile; fileRef = C3C3D02D25AE049000585FEF /* RealmSwift.framework */; settings = {ATTRIBUTES = (CodeSignOnCopy, RemoveHeadersOnCopy, ); }; };
		C39E765125BF09C100D8705B /* CostsChartViewController.swift in Sources */ = {isa = PBXBuildFile; fileRef = C39E765025BF09C100D8705B /* CostsChartViewController.swift */; };
		C3C3D02525ADFDEB00585FEF /* IncomePopoverVC.swift in Sources */ = {isa = PBXBuildFile; fileRef = C3C3D02425ADFDEB00585FEF /* IncomePopoverVC.swift */; };
		C3C3D02A25AE041A00585FEF /* Model.swift in Sources */ = {isa = PBXBuildFile; fileRef = C3C3D02925AE041A00585FEF /* Model.swift */; };
		C3C3D03225AE070100585FEF /* IncomeViewModel.swift in Sources */ = {isa = PBXBuildFile; fileRef = C3C3D03125AE070100585FEF /* IncomeViewModel.swift */; };
		C3C3D03425AE107300585FEF /* IncomeTableViewCell.swift in Sources */ = {isa = PBXBuildFile; fileRef = C3C3D03325AE107300585FEF /* IncomeTableViewCell.swift */; };
		C3C3D03A25AF773300585FEF /* CostViewModel.swift in Sources */ = {isa = PBXBuildFile; fileRef = C3C3D03925AF773300585FEF /* CostViewModel.swift */; };
		C3C3D03E25AF7AEE00585FEF /* GroupPopoverVC.swift in Sources */ = {isa = PBXBuildFile; fileRef = C3C3D03D25AF7AEE00585FEF /* GroupPopoverVC.swift */; };
/* End PBXBuildFile section */

/* Begin PBXCopyFilesBuildPhase section */
		C3982CA625BFE6C70088B674 /* Embed Frameworks */ = {
			isa = PBXCopyFilesBuildPhase;
			buildActionMask = 2147483647;
			dstPath = "";
			dstSubfolderSpec = 10;
			files = (
				C3982CA825BFE6C90088B674 /* RealmSwift.framework in Embed Frameworks */,
				C3982CA525BFE6C70088B674 /* Realm.framework in Embed Frameworks */,
			);
			name = "Embed Frameworks";
			runOnlyForDeploymentPostprocessing = 0;
		};
/* End PBXCopyFilesBuildPhase section */

/* Begin PBXFileReference section */
		79E96D7F82230ECE81A5BA77 /* Pods-FinancesTracking.release.xcconfig */ = {isa = PBXFileReference; includeInIndex = 1; lastKnownFileType = text.xcconfig; name = "Pods-FinancesTracking.release.xcconfig"; path = "Target Support Files/Pods-FinancesTracking/Pods-FinancesTracking.release.xcconfig"; sourceTree = "<group>"; };
		875DED24F099FB99AB3673AA /* Pods_FinancesTracking.framework */ = {isa = PBXFileReference; explicitFileType = wrapper.framework; includeInIndex = 0; path = Pods_FinancesTracking.framework; sourceTree = BUILT_PRODUCTS_DIR; };
		C30A03A625AF7E74002452A3 /* CategoryTableViewCell.swift */ = {isa = PBXFileReference; lastKnownFileType = sourcecode.swift; path = CategoryTableViewCell.swift; sourceTree = "<group>"; };
		C30A03A925B31888002452A3 /* CostPopoverVC.swift */ = {isa = PBXFileReference; lastKnownFileType = sourcecode.swift; path = CostPopoverVC.swift; sourceTree = "<group>"; };
		C30A03AB25B31E57002452A3 /* CostTableViewCell.swift */ = {isa = PBXFileReference; lastKnownFileType = sourcecode.swift; path = CostTableViewCell.swift; sourceTree = "<group>"; };
		C30FD07925B9F55A00A90638 /* ChartViewController.swift */ = {isa = PBXFileReference; lastKnownFileType = sourcecode.swift; path = ChartViewController.swift; sourceTree = "<group>"; };
		C313082025B70ED800C91E01 /* GlobalFunctions.swift */ = {isa = PBXFileReference; lastKnownFileType = sourcecode.swift; path = GlobalFunctions.swift; sourceTree = "<group>"; };
		C3281A4325ACD50700B4745F /* FinancesTracking.app */ = {isa = PBXFileReference; explicitFileType = wrapper.application; includeInIndex = 0; path = FinancesTracking.app; sourceTree = BUILT_PRODUCTS_DIR; };
		C3281A4625ACD50700B4745F /* AppDelegate.swift */ = {isa = PBXFileReference; lastKnownFileType = sourcecode.swift; path = AppDelegate.swift; sourceTree = "<group>"; };
		C3281A4825ACD50700B4745F /* SceneDelegate.swift */ = {isa = PBXFileReference; lastKnownFileType = sourcecode.swift; path = SceneDelegate.swift; sourceTree = "<group>"; };
		C3281A4D25ACD50700B4745F /* Base */ = {isa = PBXFileReference; lastKnownFileType = file.storyboard; name = Base; path = Base.lproj/Main.storyboard; sourceTree = "<group>"; };
		C3281A4F25ACD50E00B4745F /* Assets.xcassets */ = {isa = PBXFileReference; lastKnownFileType = folder.assetcatalog; path = Assets.xcassets; sourceTree = "<group>"; };
		C3281A5225ACD50E00B4745F /* Base */ = {isa = PBXFileReference; lastKnownFileType = file.storyboard; name = Base; path = Base.lproj/LaunchScreen.storyboard; sourceTree = "<group>"; };
		C3281A5425ACD50E00B4745F /* Info.plist */ = {isa = PBXFileReference; lastKnownFileType = text.plist.xml; path = Info.plist; sourceTree = "<group>"; };
		C3281A5E25ACED8400B4745F /* CategoriesViewController.swift */ = {isa = PBXFileReference; lastKnownFileType = sourcecode.swift; path = CategoriesViewController.swift; sourceTree = "<group>"; };
		C3281A6125ACED9400B4745F /* IncomeViewController.swift */ = {isa = PBXFileReference; lastKnownFileType = sourcecode.swift; path = IncomeViewController.swift; sourceTree = "<group>"; };
		C3281A6425ACEDB200B4745F /* CostsViewController.swift */ = {isa = PBXFileReference; lastKnownFileType = sourcecode.swift; path = CostsViewController.swift; sourceTree = "<group>"; };
		C33D7AE525BC79F600504101 /* ChartsViewModel.swift */ = {isa = PBXFileReference; lastKnownFileType = sourcecode.swift; path = ChartsViewModel.swift; sourceTree = "<group>"; };
		C39E765025BF09C100D8705B /* CostsChartViewController.swift */ = {isa = PBXFileReference; lastKnownFileType = sourcecode.swift; path = CostsChartViewController.swift; sourceTree = "<group>"; };
		C3C3D02425ADFDEB00585FEF /* IncomePopoverVC.swift */ = {isa = PBXFileReference; lastKnownFileType = sourcecode.swift; path = IncomePopoverVC.swift; sourceTree = "<group>"; };
		C3C3D02925AE041A00585FEF /* Model.swift */ = {isa = PBXFileReference; lastKnownFileType = sourcecode.swift; path = Model.swift; sourceTree = "<group>"; };
		C3C3D02D25AE049000585FEF /* RealmSwift.framework */ = {isa = PBXFileReference; lastKnownFileType = wrapper.framework; name = RealmSwift.framework; path = Carthage/Build/iOS/RealmSwift.framework; sourceTree = "<group>"; };
		C3C3D03125AE070100585FEF /* IncomeViewModel.swift */ = {isa = PBXFileReference; lastKnownFileType = sourcecode.swift; path = IncomeViewModel.swift; sourceTree = "<group>"; };
		C3C3D03325AE107300585FEF /* IncomeTableViewCell.swift */ = {isa = PBXFileReference; lastKnownFileType = sourcecode.swift; path = IncomeTableViewCell.swift; sourceTree = "<group>"; };
		C3C3D03525AE182B00585FEF /* Realm.framework */ = {isa = PBXFileReference; lastKnownFileType = wrapper.framework; name = Realm.framework; path = Carthage/Build/iOS/Realm.framework; sourceTree = "<group>"; };
		C3C3D03925AF773300585FEF /* CostViewModel.swift */ = {isa = PBXFileReference; lastKnownFileType = sourcecode.swift; path = CostViewModel.swift; sourceTree = "<group>"; };
		C3C3D03D25AF7AEE00585FEF /* GroupPopoverVC.swift */ = {isa = PBXFileReference; lastKnownFileType = sourcecode.swift; path = GroupPopoverVC.swift; sourceTree = "<group>"; };
		DEEA3BA9046EAAF35129E66D /* Pods-FinancesTracking.debug.xcconfig */ = {isa = PBXFileReference; includeInIndex = 1; lastKnownFileType = text.xcconfig; name = "Pods-FinancesTracking.debug.xcconfig"; path = "Target Support Files/Pods-FinancesTracking/Pods-FinancesTracking.debug.xcconfig"; sourceTree = "<group>"; };
/* End PBXFileReference section */

/* Begin PBXFrameworksBuildPhase section */
		C3281A4025ACD50700B4745F /* Frameworks */ = {
			isa = PBXFrameworksBuildPhase;
			buildActionMask = 2147483647;
			files = (
				C3982CA425BFE6C70088B674 /* Realm.framework in Frameworks */,
				C33D7AE325BC77D000504101 /* Pods_FinancesTracking.framework in Frameworks */,
				C3982CA725BFE6C90088B674 /* RealmSwift.framework in Frameworks */,
			);
			runOnlyForDeploymentPostprocessing = 0;
		};
/* End PBXFrameworksBuildPhase section */

/* Begin PBXGroup section */
		1B8F21CF4E2802B957B09E58 /* Pods */ = {
			isa = PBXGroup;
			children = (
				DEEA3BA9046EAAF35129E66D /* Pods-FinancesTracking.debug.xcconfig */,
				79E96D7F82230ECE81A5BA77 /* Pods-FinancesTracking.release.xcconfig */,
			);
			path = Pods;
			sourceTree = "<group>";
		};
		C305BA5525B7172700544044 /* ViewModel */ = {
			isa = PBXGroup;
			children = (
				C3C3D03125AE070100585FEF /* IncomeViewModel.swift */,
				C3C3D03925AF773300585FEF /* CostViewModel.swift */,
				C33D7AE525BC79F600504101 /* ChartsViewModel.swift */,
			);
			path = ViewModel;
			sourceTree = "<group>";
		};
		C305BA5625B7173F00544044 /* Model */ = {
			isa = PBXGroup;
			children = (
				C3C3D02925AE041A00585FEF /* Model.swift */,
				C313082025B70ED800C91E01 /* GlobalFunctions.swift */,
			);
			path = Model;
			sourceTree = "<group>";
		};
		C30A03A525AF7E4A002452A3 /* Tables and Collections */ = {
			isa = PBXGroup;
			children = (
				C3C3D03325AE107300585FEF /* IncomeTableViewCell.swift */,
				C30A03A625AF7E74002452A3 /* CategoryTableViewCell.swift */,
				C30A03AB25B31E57002452A3 /* CostTableViewCell.swift */,
			);
			path = "Tables and Collections";
			sourceTree = "<group>";
		};
		C3281A3A25ACD50700B4745F = {
			isa = PBXGroup;
			children = (
				C3281A4525ACD50700B4745F /* FinancesTracking */,
				C3281A4425ACD50700B4745F /* Products */,
				C3C3D02C25AE049000585FEF /* Frameworks */,
				1B8F21CF4E2802B957B09E58 /* Pods */,
			);
			sourceTree = "<group>";
		};
		C3281A4425ACD50700B4745F /* Products */ = {
			isa = PBXGroup;
			children = (
				C3281A4325ACD50700B4745F /* FinancesTracking.app */,
			);
			name = Products;
			sourceTree = "<group>";
		};
		C3281A4525ACD50700B4745F /* FinancesTracking */ = {
			isa = PBXGroup;
			children = (
				C3281A4625ACD50700B4745F /* AppDelegate.swift */,
				C3281A4825ACD50700B4745F /* SceneDelegate.swift */,
				C3281A4C25ACD50700B4745F /* Main.storyboard */,
				C3281A4F25ACD50E00B4745F /* Assets.xcassets */,
				C305BA5625B7173F00544044 /* Model */,
				C305BA5525B7172700544044 /* ViewModel */,
				C30A03A525AF7E4A002452A3 /* Tables and Collections */,
				C3281A6725ACEDBB00B4745F /* ViewControllers */,
				C3281A5125ACD50E00B4745F /* LaunchScreen.storyboard */,
				C3281A5425ACD50E00B4745F /* Info.plist */,
			);
			path = FinancesTracking;
			sourceTree = "<group>";
		};
		C3281A6725ACEDBB00B4745F /* ViewControllers */ = {
			isa = PBXGroup;
			children = (
				C3281A6125ACED9400B4745F /* IncomeViewController.swift */,
				C30FD07925B9F55A00A90638 /* ChartViewController.swift */,
				C3281A5E25ACED8400B4745F /* CategoriesViewController.swift */,
				C3281A6425ACEDB200B4745F /* CostsViewController.swift */,
				C39E765025BF09C100D8705B /* CostsChartViewController.swift */,
				C3C3D02725AE028700585FEF /* Popovers */,
			);
			path = ViewControllers;
			sourceTree = "<group>";
		};
		C3C3D02725AE028700585FEF /* Popovers */ = {
			isa = PBXGroup;
			children = (
				C3C3D02425ADFDEB00585FEF /* IncomePopoverVC.swift */,
				C3C3D03D25AF7AEE00585FEF /* GroupPopoverVC.swift */,
				C30A03A925B31888002452A3 /* CostPopoverVC.swift */,
			);
			path = Popovers;
			sourceTree = "<group>";
		};
		C3C3D02C25AE049000585FEF /* Frameworks */ = {
			isa = PBXGroup;
			children = (
				C3C3D03525AE182B00585FEF /* Realm.framework */,
				C3C3D02D25AE049000585FEF /* RealmSwift.framework */,
				875DED24F099FB99AB3673AA /* Pods_FinancesTracking.framework */,
			);
			name = Frameworks;
			sourceTree = "<group>";
		};
/* End PBXGroup section */

/* Begin PBXNativeTarget section */
		C3281A4225ACD50700B4745F /* FinancesTracking */ = {
			isa = PBXNativeTarget;
			buildConfigurationList = C3281A5725ACD50E00B4745F /* Build configuration list for PBXNativeTarget "FinancesTracking" */;
			buildPhases = (
				FEEA260549C24193E506A813 /* [CP] Check Pods Manifest.lock */,
				C3281A3F25ACD50700B4745F /* Sources */,
				C3281A4025ACD50700B4745F /* Frameworks */,
				C3281A4125ACD50700B4745F /* Resources */,
				67F405243535CAA5D50585BE /* [CP] Embed Pods Frameworks */,
				C3982CA625BFE6C70088B674 /* Embed Frameworks */,
			);
			buildRules = (
			);
			dependencies = (
			);
			name = FinancesTracking;
			productName = FinancesTracking;
			productReference = C3281A4325ACD50700B4745F /* FinancesTracking.app */;
			productType = "com.apple.product-type.application";
		};
/* End PBXNativeTarget section */

/* Begin PBXProject section */
		C3281A3B25ACD50700B4745F /* Project object */ = {
			isa = PBXProject;
			attributes = {
				LastSwiftUpdateCheck = 1220;
				LastUpgradeCheck = 1220;
				TargetAttributes = {
					C3281A4225ACD50700B4745F = {
						CreatedOnToolsVersion = 12.2;
					};
				};
			};
			buildConfigurationList = C3281A3E25ACD50700B4745F /* Build configuration list for PBXProject "FinancesTracking" */;
			compatibilityVersion = "Xcode 9.3";
			developmentRegion = en;
			hasScannedForEncodings = 0;
			knownRegions = (
				en,
				Base,
			);
			mainGroup = C3281A3A25ACD50700B4745F;
			productRefGroup = C3281A4425ACD50700B4745F /* Products */;
			projectDirPath = "";
			projectRoot = "";
			targets = (
				C3281A4225ACD50700B4745F /* FinancesTracking */,
			);
		};
/* End PBXProject section */

/* Begin PBXResourcesBuildPhase section */
		C3281A4125ACD50700B4745F /* Resources */ = {
			isa = PBXResourcesBuildPhase;
			buildActionMask = 2147483647;
			files = (
				C3281A5325ACD50E00B4745F /* LaunchScreen.storyboard in Resources */,
				C3281A5025ACD50E00B4745F /* Assets.xcassets in Resources */,
				C3281A4E25ACD50700B4745F /* Main.storyboard in Resources */,
			);
			runOnlyForDeploymentPostprocessing = 0;
		};
/* End PBXResourcesBuildPhase section */

/* Begin PBXShellScriptBuildPhase section */
		67F405243535CAA5D50585BE /* [CP] Embed Pods Frameworks */ = {
			isa = PBXShellScriptBuildPhase;
			buildActionMask = 2147483647;
			files = (
			);
			inputFileListPaths = (
				"${PODS_ROOT}/Target Support Files/Pods-FinancesTracking/Pods-FinancesTracking-frameworks-${CONFIGURATION}-input-files.xcfilelist",
			);
			name = "[CP] Embed Pods Frameworks";
			outputFileListPaths = (
				"${PODS_ROOT}/Target Support Files/Pods-FinancesTracking/Pods-FinancesTracking-frameworks-${CONFIGURATION}-output-files.xcfilelist",
			);
			runOnlyForDeploymentPostprocessing = 0;
			shellPath = /bin/sh;
			shellScript = "\"${PODS_ROOT}/Target Support Files/Pods-FinancesTracking/Pods-FinancesTracking-frameworks.sh\"\n";
			showEnvVarsInLog = 0;
		};
		FEEA260549C24193E506A813 /* [CP] Check Pods Manifest.lock */ = {
			isa = PBXShellScriptBuildPhase;
			buildActionMask = 2147483647;
			files = (
			);
			inputFileListPaths = (
			);
			inputPaths = (
				"${PODS_PODFILE_DIR_PATH}/Podfile.lock",
				"${PODS_ROOT}/Manifest.lock",
			);
			name = "[CP] Check Pods Manifest.lock";
			outputFileListPaths = (
			);
			outputPaths = (
				"$(DERIVED_FILE_DIR)/Pods-FinancesTracking-checkManifestLockResult.txt",
			);
			runOnlyForDeploymentPostprocessing = 0;
			shellPath = /bin/sh;
			shellScript = "diff \"${PODS_PODFILE_DIR_PATH}/Podfile.lock\" \"${PODS_ROOT}/Manifest.lock\" > /dev/null\nif [ $? != 0 ] ; then\n    # print error to STDERR\n    echo \"error: The sandbox is not in sync with the Podfile.lock. Run 'pod install' or update your CocoaPods installation.\" >&2\n    exit 1\nfi\n# This output is used by Xcode 'outputs' to avoid re-running this script phase.\necho \"SUCCESS\" > \"${SCRIPT_OUTPUT_FILE_0}\"\n";
			showEnvVarsInLog = 0;
		};
/* End PBXShellScriptBuildPhase section */

/* Begin PBXSourcesBuildPhase section */
		C3281A3F25ACD50700B4745F /* Sources */ = {
			isa = PBXSourcesBuildPhase;
			buildActionMask = 2147483647;
			files = (
				C30A03AC25B31E57002452A3 /* CostTableViewCell.swift in Sources */,
				C3C3D02A25AE041A00585FEF /* Model.swift in Sources */,
				C313082125B70ED800C91E01 /* GlobalFunctions.swift in Sources */,
				C3281A6525ACEDB200B4745F /* CostsViewController.swift in Sources */,
				C3C3D03A25AF773300585FEF /* CostViewModel.swift in Sources */,
				C30FD07A25B9F55B00A90638 /* ChartViewController.swift in Sources */,
				C3281A4725ACD50700B4745F /* AppDelegate.swift in Sources */,
				C30A03AA25B31888002452A3 /* CostPopoverVC.swift in Sources */,
				C3281A4925ACD50700B4745F /* SceneDelegate.swift in Sources */,
				C3281A5F25ACED8400B4745F /* CategoriesViewController.swift in Sources */,
				C39E765125BF09C100D8705B /* CostsChartViewController.swift in Sources */,
				C3C3D03425AE107300585FEF /* IncomeTableViewCell.swift in Sources */,
				C3281A6225ACED9400B4745F /* IncomeViewController.swift in Sources */,
				C3C3D03225AE070100585FEF /* IncomeViewModel.swift in Sources */,
				C3C3D02525ADFDEB00585FEF /* IncomePopoverVC.swift in Sources */,
				C3C3D03E25AF7AEE00585FEF /* GroupPopoverVC.swift in Sources */,
				C30A03A725AF7E74002452A3 /* CategoryTableViewCell.swift in Sources */,
				C33D7AE625BC79F600504101 /* ChartsViewModel.swift in Sources */,
			);
			runOnlyForDeploymentPostprocessing = 0;
		};
/* End PBXSourcesBuildPhase section */

/* Begin PBXVariantGroup section */
		C3281A4C25ACD50700B4745F /* Main.storyboard */ = {
			isa = PBXVariantGroup;
			children = (
				C3281A4D25ACD50700B4745F /* Base */,
			);
			name = Main.storyboard;
			sourceTree = "<group>";
		};
		C3281A5125ACD50E00B4745F /* LaunchScreen.storyboard */ = {
			isa = PBXVariantGroup;
			children = (
				C3281A5225ACD50E00B4745F /* Base */,
			);
			name = LaunchScreen.storyboard;
			sourceTree = "<group>";
		};
/* End PBXVariantGroup section */

/* Begin XCBuildConfiguration section */
		C3281A5525ACD50E00B4745F /* Debug */ = {
			isa = XCBuildConfiguration;
			buildSettings = {
				ALWAYS_SEARCH_USER_PATHS = NO;
				CLANG_ANALYZER_NONNULL = YES;
				CLANG_ANALYZER_NUMBER_OBJECT_CONVERSION = YES_AGGRESSIVE;
				CLANG_CXX_LANGUAGE_STANDARD = "gnu++14";
				CLANG_CXX_LIBRARY = "libc++";
				CLANG_ENABLE_MODULES = YES;
				CLANG_ENABLE_OBJC_ARC = YES;
				CLANG_ENABLE_OBJC_WEAK = YES;
				CLANG_WARN_BLOCK_CAPTURE_AUTORELEASING = YES;
				CLANG_WARN_BOOL_CONVERSION = YES;
				CLANG_WARN_COMMA = YES;
				CLANG_WARN_CONSTANT_CONVERSION = YES;
				CLANG_WARN_DEPRECATED_OBJC_IMPLEMENTATIONS = YES;
				CLANG_WARN_DIRECT_OBJC_ISA_USAGE = YES_ERROR;
				CLANG_WARN_DOCUMENTATION_COMMENTS = YES;
				CLANG_WARN_EMPTY_BODY = YES;
				CLANG_WARN_ENUM_CONVERSION = YES;
				CLANG_WARN_INFINITE_RECURSION = YES;
				CLANG_WARN_INT_CONVERSION = YES;
				CLANG_WARN_NON_LITERAL_NULL_CONVERSION = YES;
				CLANG_WARN_OBJC_IMPLICIT_RETAIN_SELF = YES;
				CLANG_WARN_OBJC_LITERAL_CONVERSION = YES;
				CLANG_WARN_OBJC_ROOT_CLASS = YES_ERROR;
				CLANG_WARN_QUOTED_INCLUDE_IN_FRAMEWORK_HEADER = YES;
				CLANG_WARN_RANGE_LOOP_ANALYSIS = YES;
				CLANG_WARN_STRICT_PROTOTYPES = YES;
				CLANG_WARN_SUSPICIOUS_MOVE = YES;
				CLANG_WARN_UNGUARDED_AVAILABILITY = YES_AGGRESSIVE;
				CLANG_WARN_UNREACHABLE_CODE = YES;
				CLANG_WARN__DUPLICATE_METHOD_MATCH = YES;
				COPY_PHASE_STRIP = NO;
				DEBUG_INFORMATION_FORMAT = dwarf;
				ENABLE_STRICT_OBJC_MSGSEND = YES;
				ENABLE_TESTABILITY = YES;
				GCC_C_LANGUAGE_STANDARD = gnu11;
				GCC_DYNAMIC_NO_PIC = NO;
				GCC_NO_COMMON_BLOCKS = YES;
				GCC_OPTIMIZATION_LEVEL = 0;
				GCC_PREPROCESSOR_DEFINITIONS = (
					"DEBUG=1",
					"$(inherited)",
				);
				GCC_WARN_64_TO_32_BIT_CONVERSION = YES;
				GCC_WARN_ABOUT_RETURN_TYPE = YES_ERROR;
				GCC_WARN_UNDECLARED_SELECTOR = YES;
				GCC_WARN_UNINITIALIZED_AUTOS = YES_AGGRESSIVE;
				GCC_WARN_UNUSED_FUNCTION = YES;
				GCC_WARN_UNUSED_VARIABLE = YES;
				IPHONEOS_DEPLOYMENT_TARGET = 13.0;
				MTL_ENABLE_DEBUG_INFO = INCLUDE_SOURCE;
				MTL_FAST_MATH = YES;
				ONLY_ACTIVE_ARCH = YES;
				SDKROOT = iphoneos;
				SWIFT_ACTIVE_COMPILATION_CONDITIONS = DEBUG;
				SWIFT_OPTIMIZATION_LEVEL = "-Onone";
			};
			name = Debug;
		};
		C3281A5625ACD50E00B4745F /* Release */ = {
			isa = XCBuildConfiguration;
			buildSettings = {
				ALWAYS_SEARCH_USER_PATHS = NO;
				CLANG_ANALYZER_NONNULL = YES;
				CLANG_ANALYZER_NUMBER_OBJECT_CONVERSION = YES_AGGRESSIVE;
				CLANG_CXX_LANGUAGE_STANDARD = "gnu++14";
				CLANG_CXX_LIBRARY = "libc++";
				CLANG_ENABLE_MODULES = YES;
				CLANG_ENABLE_OBJC_ARC = YES;
				CLANG_ENABLE_OBJC_WEAK = YES;
				CLANG_WARN_BLOCK_CAPTURE_AUTORELEASING = YES;
				CLANG_WARN_BOOL_CONVERSION = YES;
				CLANG_WARN_COMMA = YES;
				CLANG_WARN_CONSTANT_CONVERSION = YES;
				CLANG_WARN_DEPRECATED_OBJC_IMPLEMENTATIONS = YES;
				CLANG_WARN_DIRECT_OBJC_ISA_USAGE = YES_ERROR;
				CLANG_WARN_DOCUMENTATION_COMMENTS = YES;
				CLANG_WARN_EMPTY_BODY = YES;
				CLANG_WARN_ENUM_CONVERSION = YES;
				CLANG_WARN_INFINITE_RECURSION = YES;
				CLANG_WARN_INT_CONVERSION = YES;
				CLANG_WARN_NON_LITERAL_NULL_CONVERSION = YES;
				CLANG_WARN_OBJC_IMPLICIT_RETAIN_SELF = YES;
				CLANG_WARN_OBJC_LITERAL_CONVERSION = YES;
				CLANG_WARN_OBJC_ROOT_CLASS = YES_ERROR;
				CLANG_WARN_QUOTED_INCLUDE_IN_FRAMEWORK_HEADER = YES;
				CLANG_WARN_RANGE_LOOP_ANALYSIS = YES;
				CLANG_WARN_STRICT_PROTOTYPES = YES;
				CLANG_WARN_SUSPICIOUS_MOVE = YES;
				CLANG_WARN_UNGUARDED_AVAILABILITY = YES_AGGRESSIVE;
				CLANG_WARN_UNREACHABLE_CODE = YES;
				CLANG_WARN__DUPLICATE_METHOD_MATCH = YES;
				COPY_PHASE_STRIP = NO;
				DEBUG_INFORMATION_FORMAT = "dwarf-with-dsym";
				ENABLE_NS_ASSERTIONS = NO;
				ENABLE_STRICT_OBJC_MSGSEND = YES;
				GCC_C_LANGUAGE_STANDARD = gnu11;
				GCC_NO_COMMON_BLOCKS = YES;
				GCC_WARN_64_TO_32_BIT_CONVERSION = YES;
				GCC_WARN_ABOUT_RETURN_TYPE = YES_ERROR;
				GCC_WARN_UNDECLARED_SELECTOR = YES;
				GCC_WARN_UNINITIALIZED_AUTOS = YES_AGGRESSIVE;
				GCC_WARN_UNUSED_FUNCTION = YES;
				GCC_WARN_UNUSED_VARIABLE = YES;
				IPHONEOS_DEPLOYMENT_TARGET = 13.0;
				MTL_ENABLE_DEBUG_INFO = NO;
				MTL_FAST_MATH = YES;
				SDKROOT = iphoneos;
				SWIFT_COMPILATION_MODE = wholemodule;
				SWIFT_OPTIMIZATION_LEVEL = "-O";
				VALIDATE_PRODUCT = YES;
			};
			name = Release;
		};
		C3281A5825ACD50E00B4745F /* Debug */ = {
			isa = XCBuildConfiguration;
			baseConfigurationReference = DEEA3BA9046EAAF35129E66D /* Pods-FinancesTracking.debug.xcconfig */;
			buildSettings = {
				ASSETCATALOG_COMPILER_APPICON_NAME = AppIcon;
				ASSETCATALOG_COMPILER_GLOBAL_ACCENT_COLOR_NAME = AccentColor;
				CODE_SIGN_STYLE = Automatic;
				DEVELOPMENT_TEAM = QU9GUU5KMV;
				FRAMEWORK_SEARCH_PATHS = (
					"$(inherited)",
					"$(PROJECT_DIR)/Carthage/Build/iOS",
				);
				INFOPLIST_FILE = FinancesTracking/Info.plist;
				IPHONEOS_DEPLOYMENT_TARGET = 13.0;
				LD_RUNPATH_SEARCH_PATHS = (
					"$(inherited)",
					"@executable_path/Frameworks",
				);
				PRODUCT_BUNDLE_IDENTIFIER = com.rslnmurin.FinancesTracking;
				PRODUCT_NAME = "$(TARGET_NAME)";
				SWIFT_VERSION = 5.0;
				TARGETED_DEVICE_FAMILY = 1;
				VALIDATE_WORKSPACE = YES;
				VALIDATE_WORKSPACE_SKIPPED_SDK_FRAMEWORKS = "";
			};
			name = Debug;
		};
		C3281A5925ACD50E00B4745F /* Release */ = {
			isa = XCBuildConfiguration;
			baseConfigurationReference = 79E96D7F82230ECE81A5BA77 /* Pods-FinancesTracking.release.xcconfig */;
			buildSettings = {
				ASSETCATALOG_COMPILER_APPICON_NAME = AppIcon;
				ASSETCATALOG_COMPILER_GLOBAL_ACCENT_COLOR_NAME = AccentColor;
				CODE_SIGN_STYLE = Automatic;
				DEVELOPMENT_TEAM = QU9GUU5KMV;
				FRAMEWORK_SEARCH_PATHS = (
					"$(inherited)",
					"$(PROJECT_DIR)/Carthage/Build/iOS",
				);
				INFOPLIST_FILE = FinancesTracking/Info.plist;
				IPHONEOS_DEPLOYMENT_TARGET = 13.0;
				LD_RUNPATH_SEARCH_PATHS = (
					"$(inherited)",
					"@executable_path/Frameworks",
				);
				PRODUCT_BUNDLE_IDENTIFIER = com.rslnmurin.FinancesTracking;
				PRODUCT_NAME = "$(TARGET_NAME)";
				SWIFT_VERSION = 5.0;
				TARGETED_DEVICE_FAMILY = 1;
				VALIDATE_WORKSPACE = YES;
				VALIDATE_WORKSPACE_SKIPPED_SDK_FRAMEWORKS = "";
			};
			name = Release;
		};
/* End XCBuildConfiguration section */

/* Begin XCConfigurationList section */
		C3281A3E25ACD50700B4745F /* Build configuration list for PBXProject "FinancesTracking" */ = {
			isa = XCConfigurationList;
			buildConfigurations = (
				C3281A5525ACD50E00B4745F /* Debug */,
				C3281A5625ACD50E00B4745F /* Release */,
			);
			defaultConfigurationIsVisible = 0;
			defaultConfigurationName = Release;
		};
		C3281A5725ACD50E00B4745F /* Build configuration list for PBXNativeTarget "FinancesTracking" */ = {
			isa = XCConfigurationList;
			buildConfigurations = (
				C3281A5825ACD50E00B4745F /* Debug */,
				C3281A5925ACD50E00B4745F /* Release */,
			);
			defaultConfigurationIsVisible = 0;
			defaultConfigurationName = Release;
		};
/* End XCConfigurationList section */
	};
	rootObject = C3281A3B25ACD50700B4745F /* Project object */;
}
