PODS:
  - Alamofire (5.4.1)
  - Bond (7.8.1):
    - Differ (~> 1.4)
    - ReactiveKit (~> 3.14)
  - Differ (1.4.5)
  - Kingfisher (6.1.1)
  - ReactiveKit (3.17.4)

DEPENDENCIES:
  - Alamofire
  - Bond
  - Kingfisher

SPEC REPOS:
  trunk:
    - Alamofire
    - Bond
    - Differ
    - Kingfisher
    - ReactiveKit

SPEC CHECKSUMS:
  Alamofire: 2291f7d21ca607c491dd17642e5d40fdcda0e65c
  Bond: 87075c7f20f37ea3e73dc7057fce839787bf46eb
  Differ: 3b6bd78e2b20cc795d9a86f7641d087524e4273e
  Kingfisher: 676d63307fbef6ed5d5ed400bff36983480d7500
  ReactiveKit: f9f9e079efa39312c597bf1508ef4810d111ce76

PODFILE CHECKSUM: eec41ca973c8afc825d598cae193e16c12996a6e

COCOAPODS: 1.10.1
